{
  "name": "tonsky.me",
  "lockfileVersion": 3,
  "requires": true,
  "packages": {
    "": {
      "dependencies": {
        "@instantdb/core": "^0.18.7"
      }
    },
    "node_modules/@instantdb/core": {
      "version": "0.18.7",
      "resolved": "https://registry.npmjs.org/@instantdb/core/-/core-0.18.7.tgz",
      "integrity": "sha512-9v2oxw8ouUpifCASwLDBtJh30HyavGkgAQb68Mof2rYRXm3tLhtr9B3SBkXgSRZp70yrUBSGg3jYViD2ECAh0Q==",
      "dependencies": {
        "mutative": "^1.0.10",
        "uuid": "^9.0.0"
      }
    },
    "node_modules/mutative": {
      "version": "1.1.0",
      "resolved": "https://registry.npmjs.org/mutative/-/mutative-1.1.0.tgz",
      "integrity": "sha512-2PJADREjOusk3iJkD3rXV2YjAxTuaLxdfqtqTEt6vcY07LtEBR1seHuBHXWEIuscqRDGvbauYPs+A4Rj/KTczQ==",
      "license": "MIT",
      "engines": {
        "node": ">=14.0"
      }
    },
    "node_modules/uuid": {
      "version": "9.0.1",
      "resolved": "https://registry.npmjs.org/uuid/-/uuid-9.0.1.tgz",
      "integrity": "sha512-b+1eJOlsR9K8HJpow9Ok3fiWOWSIcIzXodvv0rQjVoOVNpWMpxf1wZNpt4y9h10odCNrqnYp1OBzRktckBe3sA==",
      "funding": [
        "https://github.com/sponsors/broofa",
        "https://github.com/sponsors/ctavan"
      ],
      "license": "MIT",
      "bin": {
        "uuid": "dist/bin/uuid"
      }
    }
  }
}
